// !$*UTF8*$!
{
	archiveVersion = 1;
	classes = {
	};
	objectVersion = 50;
	objects = {

/* Begin PBXBuildFile section */
		04BB460D26D8153900A309FE /* AppDelegate.swift in Sources */ = {isa = PBXBuildFile; fileRef = 04BB460C26D8153900A309FE /* AppDelegate.swift */; };
		04BB460F26D8153900A309FE /* SceneDelegate.swift in Sources */ = {isa = PBXBuildFile; fileRef = 04BB460E26D8153900A309FE /* SceneDelegate.swift */; };
		04BB461426D8153900A309FE /* Main.storyboard in Resources */ = {isa = PBXBuildFile; fileRef = 04BB461226D8153900A309FE /* Main.storyboard */; };
		04BB461626D8153B00A309FE /* Assets.xcassets in Resources */ = {isa = PBXBuildFile; fileRef = 04BB461526D8153B00A309FE /* Assets.xcassets */; };
		04BB461926D8153B00A309FE /* LaunchScreen.storyboard in Resources */ = {isa = PBXBuildFile; fileRef = 04BB461726D8153B00A309FE /* LaunchScreen.storyboard */; };
		04BB462426D8153C00A309FE /* WeatherTests.swift in Sources */ = {isa = PBXBuildFile; fileRef = 04BB462326D8153C00A309FE /* WeatherTests.swift */; };
		04BB462F26D8153C00A309FE /* WeatherUITests.swift in Sources */ = {isa = PBXBuildFile; fileRef = 04BB462E26D8153C00A309FE /* WeatherUITests.swift */; };
		04BB464326D8176700A309FE /* MainCoordinator.swift in Sources */ = {isa = PBXBuildFile; fileRef = 04BB464226D8176700A309FE /* MainCoordinator.swift */; };
		04BB464726D8184300A309FE /* WeatherSearchViewController.swift in Sources */ = {isa = PBXBuildFile; fileRef = 04BB464626D8184300A309FE /* WeatherSearchViewController.swift */; };
		04BB464A26D81AB900A309FE /* NetworkManager.swift in Sources */ = {isa = PBXBuildFile; fileRef = 04BB464926D81AB900A309FE /* NetworkManager.swift */; };
		04BB464C26D81ADD00A309FE /* EndPoint.swift in Sources */ = {isa = PBXBuildFile; fileRef = 04BB464B26D81ADD00A309FE /* EndPoint.swift */; };
		04BB464E26D81AFE00A309FE /* DecodeJson.swift in Sources */ = {isa = PBXBuildFile; fileRef = 04BB464D26D81AFE00A309FE /* DecodeJson.swift */; };
		04BB465026D81B5600A309FE /* WeatherResponse.swift in Sources */ = {isa = PBXBuildFile; fileRef = 04BB464F26D81B5600A309FE /* WeatherResponse.swift */; };
		04BB465226D81BE200A309FE /* BaseRepository.swift in Sources */ = {isa = PBXBuildFile; fileRef = 04BB465126D81BE200A309FE /* BaseRepository.swift */; };
		04BB465426D81BFA00A309FE /* WeatherRepository.swift in Sources */ = {isa = PBXBuildFile; fileRef = 04BB465326D81BFA00A309FE /* WeatherRepository.swift */; };
		04BB465626D81C8700A309FE /* WeatherSearchViewModel.swift in Sources */ = {isa = PBXBuildFile; fileRef = 04BB465526D81C8700A309FE /* WeatherSearchViewModel.swift */; };
		04BB465826D81CC200A309FE /* WeatherDetails.swift in Sources */ = {isa = PBXBuildFile; fileRef = 04BB465726D81CC200A309FE /* WeatherDetails.swift */; };
		04BB465A26D81E3200A309FE /* WeatherTableViewCell.swift in Sources */ = {isa = PBXBuildFile; fileRef = 04BB465926D81E3200A309FE /* WeatherTableViewCell.swift */; };
/* End PBXBuildFile section */

/* Begin PBXContainerItemProxy section */
		04BB462026D8153C00A309FE /* PBXContainerItemProxy */ = {
			isa = PBXContainerItemProxy;
			containerPortal = 04BB460126D8153900A309FE /* Project object */;
			proxyType = 1;
			remoteGlobalIDString = 04BB460826D8153900A309FE;
			remoteInfo = Weather;
		};
		04BB462B26D8153C00A309FE /* PBXContainerItemProxy */ = {
			isa = PBXContainerItemProxy;
			containerPortal = 04BB460126D8153900A309FE /* Project object */;
			proxyType = 1;
			remoteGlobalIDString = 04BB460826D8153900A309FE;
			remoteInfo = Weather;
		};
/* End PBXContainerItemProxy section */

/* Begin PBXFileReference section */
		04BB460926D8153900A309FE /* Weather.app */ = {isa = PBXFileReference; explicitFileType = wrapper.application; includeInIndex = 0; path = Weather.app; sourceTree = BUILT_PRODUCTS_DIR; };
		04BB460C26D8153900A309FE /* AppDelegate.swift */ = {isa = PBXFileReference; lastKnownFileType = sourcecode.swift; path = AppDelegate.swift; sourceTree = "<group>"; };
		04BB460E26D8153900A309FE /* SceneDelegate.swift */ = {isa = PBXFileReference; lastKnownFileType = sourcecode.swift; path = SceneDelegate.swift; sourceTree = "<group>"; };
		04BB461326D8153900A309FE /* Base */ = {isa = PBXFileReference; lastKnownFileType = file.storyboard; name = Base; path = Base.lproj/Main.storyboard; sourceTree = "<group>"; };
		04BB461526D8153B00A309FE /* Assets.xcassets */ = {isa = PBXFileReference; lastKnownFileType = folder.assetcatalog; path = Assets.xcassets; sourceTree = "<group>"; };
		04BB461826D8153B00A309FE /* Base */ = {isa = PBXFileReference; lastKnownFileType = file.storyboard; name = Base; path = Base.lproj/LaunchScreen.storyboard; sourceTree = "<group>"; };
		04BB461A26D8153B00A309FE /* Info.plist */ = {isa = PBXFileReference; lastKnownFileType = text.plist.xml; path = Info.plist; sourceTree = "<group>"; };
		04BB461F26D8153C00A309FE /* WeatherTests.xctest */ = {isa = PBXFileReference; explicitFileType = wrapper.cfbundle; includeInIndex = 0; path = WeatherTests.xctest; sourceTree = BUILT_PRODUCTS_DIR; };
		04BB462326D8153C00A309FE /* WeatherTests.swift */ = {isa = PBXFileReference; lastKnownFileType = sourcecode.swift; path = WeatherTests.swift; sourceTree = "<group>"; };
		04BB462526D8153C00A309FE /* Info.plist */ = {isa = PBXFileReference; lastKnownFileType = text.plist.xml; path = Info.plist; sourceTree = "<group>"; };
		04BB462A26D8153C00A309FE /* WeatherUITests.xctest */ = {isa = PBXFileReference; explicitFileType = wrapper.cfbundle; includeInIndex = 0; path = WeatherUITests.xctest; sourceTree = BUILT_PRODUCTS_DIR; };
		04BB462E26D8153C00A309FE /* WeatherUITests.swift */ = {isa = PBXFileReference; lastKnownFileType = sourcecode.swift; path = WeatherUITests.swift; sourceTree = "<group>"; };
		04BB463026D8153C00A309FE /* Info.plist */ = {isa = PBXFileReference; lastKnownFileType = text.plist.xml; path = Info.plist; sourceTree = "<group>"; };
		04BB464226D8176700A309FE /* MainCoordinator.swift */ = {isa = PBXFileReference; lastKnownFileType = sourcecode.swift; path = MainCoordinator.swift; sourceTree = "<group>"; };
		04BB464626D8184300A309FE /* WeatherSearchViewController.swift */ = {isa = PBXFileReference; lastKnownFileType = sourcecode.swift; path = WeatherSearchViewController.swift; sourceTree = "<group>"; };
		04BB464926D81AB900A309FE /* NetworkManager.swift */ = {isa = PBXFileReference; lastKnownFileType = sourcecode.swift; path = NetworkManager.swift; sourceTree = "<group>"; };
		04BB464B26D81ADD00A309FE /* EndPoint.swift */ = {isa = PBXFileReference; lastKnownFileType = sourcecode.swift; path = EndPoint.swift; sourceTree = "<group>"; };
		04BB464D26D81AFE00A309FE /* DecodeJson.swift */ = {isa = PBXFileReference; lastKnownFileType = sourcecode.swift; path = DecodeJson.swift; sourceTree = "<group>"; };
		04BB464F26D81B5600A309FE /* WeatherResponse.swift */ = {isa = PBXFileReference; lastKnownFileType = sourcecode.swift; path = WeatherResponse.swift; sourceTree = "<group>"; };
		04BB465126D81BE200A309FE /* BaseRepository.swift */ = {isa = PBXFileReference; lastKnownFileType = sourcecode.swift; path = BaseRepository.swift; sourceTree = "<group>"; };
		04BB465326D81BFA00A309FE /* WeatherRepository.swift */ = {isa = PBXFileReference; lastKnownFileType = sourcecode.swift; path = WeatherRepository.swift; sourceTree = "<group>"; };
		04BB465526D81C8700A309FE /* WeatherSearchViewModel.swift */ = {isa = PBXFileReference; lastKnownFileType = sourcecode.swift; path = WeatherSearchViewModel.swift; sourceTree = "<group>"; };
		04BB465726D81CC200A309FE /* WeatherDetails.swift */ = {isa = PBXFileReference; lastKnownFileType = sourcecode.swift; path = WeatherDetails.swift; sourceTree = "<group>"; };
		04BB465926D81E3200A309FE /* WeatherTableViewCell.swift */ = {isa = PBXFileReference; lastKnownFileType = sourcecode.swift; path = WeatherTableViewCell.swift; sourceTree = "<group>"; };
/* End PBXFileReference section */

/* Begin PBXFrameworksBuildPhase section */
		04BB460626D8153900A309FE /* Frameworks */ = {
			isa = PBXFrameworksBuildPhase;
			buildActionMask = 2147483647;
			files = (
			);
			runOnlyForDeploymentPostprocessing = 0;
		};
		04BB461C26D8153C00A309FE /* Frameworks */ = {
			isa = PBXFrameworksBuildPhase;
			buildActionMask = 2147483647;
			files = (
			);
			runOnlyForDeploymentPostprocessing = 0;
		};
		04BB462726D8153C00A309FE /* Frameworks */ = {
			isa = PBXFrameworksBuildPhase;
			buildActionMask = 2147483647;
			files = (
			);
			runOnlyForDeploymentPostprocessing = 0;
		};
/* End PBXFrameworksBuildPhase section */

/* Begin PBXGroup section */
		04BB460026D8153900A309FE = {
			isa = PBXGroup;
			children = (
				04BB460B26D8153900A309FE /* Weather */,
				04BB462226D8153C00A309FE /* WeatherTests */,
				04BB462D26D8153C00A309FE /* WeatherUITests */,
				04BB460A26D8153900A309FE /* Products */,
			);
			sourceTree = "<group>";
		};
		04BB460A26D8153900A309FE /* Products */ = {
			isa = PBXGroup;
			children = (
				04BB460926D8153900A309FE /* Weather.app */,
				04BB461F26D8153C00A309FE /* WeatherTests.xctest */,
				04BB462A26D8153C00A309FE /* WeatherUITests.xctest */,
			);
			name = Products;
			sourceTree = "<group>";
		};
		04BB460B26D8153900A309FE /* Weather */ = {
			isa = PBXGroup;
			children = (
				04BB464826D81A8300A309FE /* Repository */,
				04BB464126D8175100A309FE /* Coordinator */,
				04BB463E26D8166900A309FE /* Networking */,
				04BB463D26D8163A00A309FE /* Utility */,
				04BB463C26D8162F00A309FE /* Modules */,
				04BB460C26D8153900A309FE /* AppDelegate.swift */,
				04BB460E26D8153900A309FE /* SceneDelegate.swift */,
				04BB461226D8153900A309FE /* Main.storyboard */,
				04BB461526D8153B00A309FE /* Assets.xcassets */,
				04BB461726D8153B00A309FE /* LaunchScreen.storyboard */,
				04BB461A26D8153B00A309FE /* Info.plist */,
			);
			path = Weather;
			sourceTree = "<group>";
		};
		04BB462226D8153C00A309FE /* WeatherTests */ = {
			isa = PBXGroup;
			children = (
				04BB462326D8153C00A309FE /* WeatherTests.swift */,
				04BB462526D8153C00A309FE /* Info.plist */,
			);
			path = WeatherTests;
			sourceTree = "<group>";
		};
		04BB462D26D8153C00A309FE /* WeatherUITests */ = {
			isa = PBXGroup;
			children = (
				04BB462E26D8153C00A309FE /* WeatherUITests.swift */,
				04BB463026D8153C00A309FE /* Info.plist */,
			);
			path = WeatherUITests;
			sourceTree = "<group>";
		};
		04BB463C26D8162F00A309FE /* Modules */ = {
			isa = PBXGroup;
			children = (
				04BB464026D8169200A309FE /* WeatherDetails */,
				04BB463F26D8167A00A309FE /* WeatherSearch */,
			);
			path = Modules;
			sourceTree = "<group>";
		};
		04BB463D26D8163A00A309FE /* Utility */ = {
			isa = PBXGroup;
			children = (
			);
			path = Utility;
			sourceTree = "<group>";
		};
		04BB463E26D8166900A309FE /* Networking */ = {
			isa = PBXGroup;
			children = (
				04BB464926D81AB900A309FE /* NetworkManager.swift */,
				04BB464B26D81ADD00A309FE /* EndPoint.swift */,
				04BB464D26D81AFE00A309FE /* DecodeJson.swift */,
			);
			path = Networking;
			sourceTree = "<group>";
		};
		04BB463F26D8167A00A309FE /* WeatherSearch */ = {
			isa = PBXGroup;
			children = (
				04BB464626D8184300A309FE /* WeatherSearchViewController.swift */,
				04BB464F26D81B5600A309FE /* WeatherResponse.swift */,
				04BB465526D81C8700A309FE /* WeatherSearchViewModel.swift */,
				04BB465726D81CC200A309FE /* WeatherDetails.swift */,
				04BB465926D81E3200A309FE /* WeatherTableViewCell.swift */,
			);
			path = WeatherSearch;
			sourceTree = "<group>";
		};
		04BB464026D8169200A309FE /* WeatherDetails */ = {
			isa = PBXGroup;
			children = (
			);
			path = WeatherDetails;
			sourceTree = "<group>";
		};
		04BB464126D8175100A309FE /* Coordinator */ = {
			isa = PBXGroup;
			children = (
				04BB464226D8176700A309FE /* MainCoordinator.swift */,
			);
			path = Coordinator;
			sourceTree = "<group>";
		};
		04BB464826D81A8300A309FE /* Repository */ = {
			isa = PBXGroup;
			children = (
				04BB465126D81BE200A309FE /* BaseRepository.swift */,
				04BB465326D81BFA00A309FE /* WeatherRepository.swift */,
			);
			path = Repository;
			sourceTree = "<group>";
		};
/* End PBXGroup section */

/* Begin PBXNativeTarget section */
		04BB460826D8153900A309FE /* Weather */ = {
			isa = PBXNativeTarget;
			buildConfigurationList = 04BB463326D8153C00A309FE /* Build configuration list for PBXNativeTarget "Weather" */;
			buildPhases = (
				04BB460526D8153900A309FE /* Sources */,
				04BB460626D8153900A309FE /* Frameworks */,
				04BB460726D8153900A309FE /* Resources */,
			);
			buildRules = (
			);
			dependencies = (
			);
			name = Weather;
			productName = Weather;
			productReference = 04BB460926D8153900A309FE /* Weather.app */;
			productType = "com.apple.product-type.application";
		};
		04BB461E26D8153C00A309FE /* WeatherTests */ = {
			isa = PBXNativeTarget;
			buildConfigurationList = 04BB463626D8153C00A309FE /* Build configuration list for PBXNativeTarget "WeatherTests" */;
			buildPhases = (
				04BB461B26D8153C00A309FE /* Sources */,
				04BB461C26D8153C00A309FE /* Frameworks */,
				04BB461D26D8153C00A309FE /* Resources */,
			);
			buildRules = (
			);
			dependencies = (
				04BB462126D8153C00A309FE /* PBXTargetDependency */,
			);
			name = WeatherTests;
			productName = WeatherTests;
			productReference = 04BB461F26D8153C00A309FE /* WeatherTests.xctest */;
			productType = "com.apple.product-type.bundle.unit-test";
		};
		04BB462926D8153C00A309FE /* WeatherUITests */ = {
			isa = PBXNativeTarget;
			buildConfigurationList = 04BB463926D8153C00A309FE /* Build configuration list for PBXNativeTarget "WeatherUITests" */;
			buildPhases = (
				04BB462626D8153C00A309FE /* Sources */,
				04BB462726D8153C00A309FE /* Frameworks */,
				04BB462826D8153C00A309FE /* Resources */,
			);
			buildRules = (
			);
			dependencies = (
				04BB462C26D8153C00A309FE /* PBXTargetDependency */,
			);
			name = WeatherUITests;
			productName = WeatherUITests;
			productReference = 04BB462A26D8153C00A309FE /* WeatherUITests.xctest */;
			productType = "com.apple.product-type.bundle.ui-testing";
		};
/* End PBXNativeTarget section */

/* Begin PBXProject section */
		04BB460126D8153900A309FE /* Project object */ = {
			isa = PBXProject;
			attributes = {
				LastSwiftUpdateCheck = 1250;
				LastUpgradeCheck = 1250;
				TargetAttributes = {
					04BB460826D8153900A309FE = {
						CreatedOnToolsVersion = 12.5;
					};
					04BB461E26D8153C00A309FE = {
						CreatedOnToolsVersion = 12.5;
						TestTargetID = 04BB460826D8153900A309FE;
					};
					04BB462926D8153C00A309FE = {
						CreatedOnToolsVersion = 12.5;
						TestTargetID = 04BB460826D8153900A309FE;
					};
				};
			};
			buildConfigurationList = 04BB460426D8153900A309FE /* Build configuration list for PBXProject "Weather" */;
			compatibilityVersion = "Xcode 9.3";
			developmentRegion = en;
			hasScannedForEncodings = 0;
			knownRegions = (
				en,
				Base,
			);
			mainGroup = 04BB460026D8153900A309FE;
			productRefGroup = 04BB460A26D8153900A309FE /* Products */;
			projectDirPath = "";
			projectRoot = "";
			targets = (
				04BB460826D8153900A309FE /* Weather */,
				04BB461E26D8153C00A309FE /* WeatherTests */,
				04BB462926D8153C00A309FE /* WeatherUITests */,
			);
		};
/* End PBXProject section */

/* Begin PBXResourcesBuildPhase section */
		04BB460726D8153900A309FE /* Resources */ = {
			isa = PBXResourcesBuildPhase;
			buildActionMask = 2147483647;
			files = (
				04BB461926D8153B00A309FE /* LaunchScreen.storyboard in Resources */,
				04BB461626D8153B00A309FE /* Assets.xcassets in Resources */,
				04BB461426D8153900A309FE /* Main.storyboard in Resources */,
			);
			runOnlyForDeploymentPostprocessing = 0;
		};
		04BB461D26D8153C00A309FE /* Resources */ = {
			isa = PBXResourcesBuildPhase;
			buildActionMask = 2147483647;
			files = (
			);
			runOnlyForDeploymentPostprocessing = 0;
		};
		04BB462826D8153C00A309FE /* Resources */ = {
			isa = PBXResourcesBuildPhase;
			buildActionMask = 2147483647;
			files = (
			);
			runOnlyForDeploymentPostprocessing = 0;
		};
/* End PBXResourcesBuildPhase section */

/* Begin PBXSourcesBuildPhase section */
		04BB460526D8153900A309FE /* Sources */ = {
			isa = PBXSourcesBuildPhase;
			buildActionMask = 2147483647;
			files = (
				04BB464C26D81ADD00A309FE /* EndPoint.swift in Sources */,
				04BB464326D8176700A309FE /* MainCoordinator.swift in Sources */,
				04BB465426D81BFA00A309FE /* WeatherRepository.swift in Sources */,
				04BB464726D8184300A309FE /* WeatherSearchViewController.swift in Sources */,
				04BB465626D81C8700A309FE /* WeatherSearchViewModel.swift in Sources */,
				04BB465226D81BE200A309FE /* BaseRepository.swift in Sources */,
				04BB464A26D81AB900A309FE /* NetworkManager.swift in Sources */,
				04BB464E26D81AFE00A309FE /* DecodeJson.swift in Sources */,
				04BB460D26D8153900A309FE /* AppDelegate.swift in Sources */,
				04BB465826D81CC200A309FE /* WeatherDetails.swift in Sources */,
				04BB460F26D8153900A309FE /* SceneDelegate.swift in Sources */,
				04BB465A26D81E3200A309FE /* WeatherTableViewCell.swift in Sources */,
				04BB465026D81B5600A309FE /* WeatherResponse.swift in Sources */,
			);
			runOnlyForDeploymentPostprocessing = 0;
		};
		04BB461B26D8153C00A309FE /* Sources */ = {
			isa = PBXSourcesBuildPhase;
			buildActionMask = 2147483647;
			files = (
				04BB462426D8153C00A309FE /* WeatherTests.swift in Sources */,
			);
			runOnlyForDeploymentPostprocessing = 0;
		};
		04BB462626D8153C00A309FE /* Sources */ = {
			isa = PBXSourcesBuildPhase;
			buildActionMask = 2147483647;
			files = (
				04BB462F26D8153C00A309FE /* WeatherUITests.swift in Sources */,
			);
			runOnlyForDeploymentPostprocessing = 0;
		};
/* End PBXSourcesBuildPhase section */

/* Begin PBXTargetDependency section */
		04BB462126D8153C00A309FE /* PBXTargetDependency */ = {
			isa = PBXTargetDependency;
			target = 04BB460826D8153900A309FE /* Weather */;
			targetProxy = 04BB462026D8153C00A309FE /* PBXContainerItemProxy */;
		};
		04BB462C26D8153C00A309FE /* PBXTargetDependency */ = {
			isa = PBXTargetDependency;
			target = 04BB460826D8153900A309FE /* Weather */;
			targetProxy = 04BB462B26D8153C00A309FE /* PBXContainerItemProxy */;
		};
/* End PBXTargetDependency section */

/* Begin PBXVariantGroup section */
		04BB461226D8153900A309FE /* Main.storyboard */ = {
			isa = PBXVariantGroup;
			children = (
				04BB461326D8153900A309FE /* Base */,
			);
			name = Main.storyboard;
			sourceTree = "<group>";
		};
		04BB461726D8153B00A309FE /* LaunchScreen.storyboard */ = {
			isa = PBXVariantGroup;
			children = (
				04BB461826D8153B00A309FE /* Base */,
			);
			name = LaunchScreen.storyboard;
			sourceTree = "<group>";
		};
/* End PBXVariantGroup section */

/* Begin XCBuildConfiguration section */
		04BB463126D8153C00A309FE /* Debug */ = {
			isa = XCBuildConfiguration;
			buildSettings = {
				ALWAYS_SEARCH_USER_PATHS = NO;
				CLANG_ANALYZER_NONNULL = YES;
				CLANG_ANALYZER_NUMBER_OBJECT_CONVERSION = YES_AGGRESSIVE;
				CLANG_CXX_LANGUAGE_STANDARD = "gnu++14";
				CLANG_CXX_LIBRARY = "libc++";
				CLANG_ENABLE_MODULES = YES;
				CLANG_ENABLE_OBJC_ARC = YES;
				CLANG_ENABLE_OBJC_WEAK = YES;
				CLANG_WARN_BLOCK_CAPTURE_AUTORELEASING = YES;
				CLANG_WARN_BOOL_CONVERSION = YES;
				CLANG_WARN_COMMA = YES;
				CLANG_WARN_CONSTANT_CONVERSION = YES;
				CLANG_WARN_DEPRECATED_OBJC_IMPLEMENTATIONS = YES;
				CLANG_WARN_DIRECT_OBJC_ISA_USAGE = YES_ERROR;
				CLANG_WARN_DOCUMENTATION_COMMENTS = YES;
				CLANG_WARN_EMPTY_BODY = YES;
				CLANG_WARN_ENUM_CONVERSION = YES;
				CLANG_WARN_INFINITE_RECURSION = YES;
				CLANG_WARN_INT_CONVERSION = YES;
				CLANG_WARN_NON_LITERAL_NULL_CONVERSION = YES;
				CLANG_WARN_OBJC_IMPLICIT_RETAIN_SELF = YES;
				CLANG_WARN_OBJC_LITERAL_CONVERSION = YES;
				CLANG_WARN_OBJC_ROOT_CLASS = YES_ERROR;
				CLANG_WARN_QUOTED_INCLUDE_IN_FRAMEWORK_HEADER = YES;
				CLANG_WARN_RANGE_LOOP_ANALYSIS = YES;
				CLANG_WARN_STRICT_PROTOTYPES = YES;
				CLANG_WARN_SUSPICIOUS_MOVE = YES;
				CLANG_WARN_UNGUARDED_AVAILABILITY = YES_AGGRESSIVE;
				CLANG_WARN_UNREACHABLE_CODE = YES;
				CLANG_WARN__DUPLICATE_METHOD_MATCH = YES;
				COPY_PHASE_STRIP = NO;
				DEBUG_INFORMATION_FORMAT = dwarf;
				ENABLE_STRICT_OBJC_MSGSEND = YES;
				ENABLE_TESTABILITY = YES;
				GCC_C_LANGUAGE_STANDARD = gnu11;
				GCC_DYNAMIC_NO_PIC = NO;
				GCC_NO_COMMON_BLOCKS = YES;
				GCC_OPTIMIZATION_LEVEL = 0;
				GCC_PREPROCESSOR_DEFINITIONS = (
					"DEBUG=1",
					"$(inherited)",
				);
				GCC_WARN_64_TO_32_BIT_CONVERSION = YES;
				GCC_WARN_ABOUT_RETURN_TYPE = YES_ERROR;
				GCC_WARN_UNDECLARED_SELECTOR = YES;
				GCC_WARN_UNINITIALIZED_AUTOS = YES_AGGRESSIVE;
				GCC_WARN_UNUSED_FUNCTION = YES;
				GCC_WARN_UNUSED_VARIABLE = YES;
				IPHONEOS_DEPLOYMENT_TARGET = 14.5;
				MTL_ENABLE_DEBUG_INFO = INCLUDE_SOURCE;
				MTL_FAST_MATH = YES;
				ONLY_ACTIVE_ARCH = YES;
				SDKROOT = iphoneos;
				SWIFT_ACTIVE_COMPILATION_CONDITIONS = DEBUG;
				SWIFT_OPTIMIZATION_LEVEL = "-Onone";
			};
			name = Debug;
		};
		04BB463226D8153C00A309FE /* Release */ = {
			isa = XCBuildConfiguration;
			buildSettings = {
				ALWAYS_SEARCH_USER_PATHS = NO;
				CLANG_ANALYZER_NONNULL = YES;
				CLANG_ANALYZER_NUMBER_OBJECT_CONVERSION = YES_AGGRESSIVE;
				CLANG_CXX_LANGUAGE_STANDARD = "gnu++14";
				CLANG_CXX_LIBRARY = "libc++";
				CLANG_ENABLE_MODULES = YES;
				CLANG_ENABLE_OBJC_ARC = YES;
				CLANG_ENABLE_OBJC_WEAK = YES;
				CLANG_WARN_BLOCK_CAPTURE_AUTORELEASING = YES;
				CLANG_WARN_BOOL_CONVERSION = YES;
				CLANG_WARN_COMMA = YES;
				CLANG_WARN_CONSTANT_CONVERSION = YES;
				CLANG_WARN_DEPRECATED_OBJC_IMPLEMENTATIONS = YES;
				CLANG_WARN_DIRECT_OBJC_ISA_USAGE = YES_ERROR;
				CLANG_WARN_DOCUMENTATION_COMMENTS = YES;
				CLANG_WARN_EMPTY_BODY = YES;
				CLANG_WARN_ENUM_CONVERSION = YES;
				CLANG_WARN_INFINITE_RECURSION = YES;
				CLANG_WARN_INT_CONVERSION = YES;
				CLANG_WARN_NON_LITERAL_NULL_CONVERSION = YES;
				CLANG_WARN_OBJC_IMPLICIT_RETAIN_SELF = YES;
				CLANG_WARN_OBJC_LITERAL_CONVERSION = YES;
				CLANG_WARN_OBJC_ROOT_CLASS = YES_ERROR;
				CLANG_WARN_QUOTED_INCLUDE_IN_FRAMEWORK_HEADER = YES;
				CLANG_WARN_RANGE_LOOP_ANALYSIS = YES;
				CLANG_WARN_STRICT_PROTOTYPES = YES;
				CLANG_WARN_SUSPICIOUS_MOVE = YES;
				CLANG_WARN_UNGUARDED_AVAILABILITY = YES_AGGRESSIVE;
				CLANG_WARN_UNREACHABLE_CODE = YES;
				CLANG_WARN__DUPLICATE_METHOD_MATCH = YES;
				COPY_PHASE_STRIP = NO;
				DEBUG_INFORMATION_FORMAT = "dwarf-with-dsym";
				ENABLE_NS_ASSERTIONS = NO;
				ENABLE_STRICT_OBJC_MSGSEND = YES;
				GCC_C_LANGUAGE_STANDARD = gnu11;
				GCC_NO_COMMON_BLOCKS = YES;
				GCC_WARN_64_TO_32_BIT_CONVERSION = YES;
				GCC_WARN_ABOUT_RETURN_TYPE = YES_ERROR;
				GCC_WARN_UNDECLARED_SELECTOR = YES;
				GCC_WARN_UNINITIALIZED_AUTOS = YES_AGGRESSIVE;
				GCC_WARN_UNUSED_FUNCTION = YES;
				GCC_WARN_UNUSED_VARIABLE = YES;
				IPHONEOS_DEPLOYMENT_TARGET = 14.5;
				MTL_ENABLE_DEBUG_INFO = NO;
				MTL_FAST_MATH = YES;
				SDKROOT = iphoneos;
				SWIFT_COMPILATION_MODE = wholemodule;
				SWIFT_OPTIMIZATION_LEVEL = "-O";
				VALIDATE_PRODUCT = YES;
			};
			name = Release;
		};
		04BB463426D8153C00A309FE /* Debug */ = {
			isa = XCBuildConfiguration;
			buildSettings = {
				ASSETCATALOG_COMPILER_APPICON_NAME = AppIcon;
				ASSETCATALOG_COMPILER_GLOBAL_ACCENT_COLOR_NAME = AccentColor;
				CODE_SIGN_STYLE = Automatic;
				INFOPLIST_FILE = Weather/Info.plist;
				LD_RUNPATH_SEARCH_PATHS = (
					"$(inherited)",
					"@executable_path/Frameworks",
				);
				PRODUCT_BUNDLE_IDENTIFIER = com.dev.mac.Weather;
				PRODUCT_NAME = "$(TARGET_NAME)";
				SWIFT_VERSION = 5.0;
				TARGETED_DEVICE_FAMILY = "1,2";
			};
			name = Debug;
		};
		04BB463526D8153C00A309FE /* Release */ = {
			isa = XCBuildConfiguration;
			buildSettings = {
				ASSETCATALOG_COMPILER_APPICON_NAME = AppIcon;
				ASSETCATALOG_COMPILER_GLOBAL_ACCENT_COLOR_NAME = AccentColor;
				CODE_SIGN_STYLE = Automatic;
				INFOPLIST_FILE = Weather/Info.plist;
				LD_RUNPATH_SEARCH_PATHS = (
					"$(inherited)",
					"@executable_path/Frameworks",
				);
				PRODUCT_BUNDLE_IDENTIFIER = com.dev.mac.Weather;
				PRODUCT_NAME = "$(TARGET_NAME)";
				SWIFT_VERSION = 5.0;
				TARGETED_DEVICE_FAMILY = "1,2";
			};
			name = Release;
		};
		04BB463726D8153C00A309FE /* Debug */ = {
			isa = XCBuildConfiguration;
			buildSettings = {
				ALWAYS_EMBED_SWIFT_STANDARD_LIBRARIES = YES;
				BUNDLE_LOADER = "$(TEST_HOST)";
				CODE_SIGN_STYLE = Automatic;
				INFOPLIST_FILE = WeatherTests/Info.plist;
				IPHONEOS_DEPLOYMENT_TARGET = 14.5;
				LD_RUNPATH_SEARCH_PATHS = (
					"$(inherited)",
					"@executable_path/Frameworks",
					"@loader_path/Frameworks",
				);
				PRODUCT_BUNDLE_IDENTIFIER = com.dev.mac.WeatherTests;
				PRODUCT_NAME = "$(TARGET_NAME)";
				SWIFT_VERSION = 5.0;
				TARGETED_DEVICE_FAMILY = "1,2";
				TEST_HOST = "$(BUILT_PRODUCTS_DIR)/Weather.app/Weather";
			};
			name = Debug;
		};
		04BB463826D8153C00A309FE /* Release */ = {
			isa = XCBuildConfiguration;
			buildSettings = {
				ALWAYS_EMBED_SWIFT_STANDARD_LIBRARIES = YES;
				BUNDLE_LOADER = "$(TEST_HOST)";
				CODE_SIGN_STYLE = Automatic;
				INFOPLIST_FILE = WeatherTests/Info.plist;
				IPHONEOS_DEPLOYMENT_TARGET = 14.5;
				LD_RUNPATH_SEARCH_PATHS = (
					"$(inherited)",
					"@executable_path/Frameworks",
					"@loader_path/Frameworks",
				);
				PRODUCT_BUNDLE_IDENTIFIER = com.dev.mac.WeatherTests;
				PRODUCT_NAME = "$(TARGET_NAME)";
				SWIFT_VERSION = 5.0;
				TARGETED_DEVICE_FAMILY = "1,2";
				TEST_HOST = "$(BUILT_PRODUCTS_DIR)/Weather.app/Weather";
			};
			name = Release;
		};
		04BB463A26D8153C00A309FE /* Debug */ = {
			isa = XCBuildConfiguration;
			buildSettings = {
				ALWAYS_EMBED_SWIFT_STANDARD_LIBRARIES = YES;
				CODE_SIGN_STYLE = Automatic;
				INFOPLIST_FILE = WeatherUITests/Info.plist;
				LD_RUNPATH_SEARCH_PATHS = (
					"$(inherited)",
					"@executable_path/Frameworks",
					"@loader_path/Frameworks",
				);
				PRODUCT_BUNDLE_IDENTIFIER = com.dev.mac.WeatherUITests;
				PRODUCT_NAME = "$(TARGET_NAME)";
				SWIFT_VERSION = 5.0;
				TARGETED_DEVICE_FAMILY = "1,2";
				TEST_TARGET_NAME = Weather;
			};
			name = Debug;
		};
		04BB463B26D8153C00A309FE /* Release */ = {
			isa = XCBuildConfiguration;
			buildSettings = {
				ALWAYS_EMBED_SWIFT_STANDARD_LIBRARIES = YES;
				CODE_SIGN_STYLE = Automatic;
				INFOPLIST_FILE = WeatherUITests/Info.plist;
				LD_RUNPATH_SEARCH_PATHS = (
					"$(inherited)",
					"@executable_path/Frameworks",
					"@loader_path/Frameworks",
				);
				PRODUCT_BUNDLE_IDENTIFIER = com.dev.mac.WeatherUITests;
				PRODUCT_NAME = "$(TARGET_NAME)";
				SWIFT_VERSION = 5.0;
				TARGETED_DEVICE_FAMILY = "1,2";
				TEST_TARGET_NAME = Weather;
			};
			name = Release;
		};
/* End XCBuildConfiguration section */

/* Begin XCConfigurationList section */
		04BB460426D8153900A309FE /* Build configuration list for PBXProject "Weather" */ = {
			isa = XCConfigurationList;
			buildConfigurations = (
				04BB463126D8153C00A309FE /* Debug */,
				04BB463226D8153C00A309FE /* Release */,
			);
			defaultConfigurationIsVisible = 0;
			defaultConfigurationName = Release;
		};
		04BB463326D8153C00A309FE /* Build configuration list for PBXNativeTarget "Weather" */ = {
			isa = XCConfigurationList;
			buildConfigurations = (
				04BB463426D8153C00A309FE /* Debug */,
				04BB463526D8153C00A309FE /* Release */,
			);
			defaultConfigurationIsVisible = 0;
			defaultConfigurationName = Release;
		};
		04BB463626D8153C00A309FE /* Build configuration list for PBXNativeTarget "WeatherTests" */ = {
			isa = XCConfigurationList;
			buildConfigurations = (
				04BB463726D8153C00A309FE /* Debug */,
				04BB463826D8153C00A309FE /* Release */,
			);
			defaultConfigurationIsVisible = 0;
			defaultConfigurationName = Release;
		};
		04BB463926D8153C00A309FE /* Build configuration list for PBXNativeTarget "WeatherUITests" */ = {
			isa = XCConfigurationList;
			buildConfigurations = (
				04BB463A26D8153C00A309FE /* Debug */,
				04BB463B26D8153C00A309FE /* Release */,
			);
			defaultConfigurationIsVisible = 0;
			defaultConfigurationName = Release;
		};
/* End XCConfigurationList section */
	};
	rootObject = 04BB460126D8153900A309FE /* Project object */;
}
